
Microsoft Visual Studio Solution File, Format Version 12.00
# Visual Studio Version 17
VisualStudioVersion = 17.14.36623.8 d17.14
MinimumVisualStudioVersion = 10.0.40219.1
Project("{FAE04EC0-301F-11D3-BF4B-00C04F79EFBC}") = "SystemZarzadzaniaBibliotekaFirmy", "SystemZarzadzaniaBibliotekaFirmy\SystemZarzadzaniaBibliotekaFirmy.csproj", "{91CF8D05-BC76-41BE-B633-3E5DA123298A}"
EndProject
Project("{FAE04EC0-301F-11D3-BF4B-00C04F79EFBC}") = "SystemZarzadzaniaBibliotekaFirmy.Tests", "SystemZarzadzaniaBibliotekaFirmy.Tests\SystemZarzadzaniaBibliotekaFirmy.Tests.csproj", "{A1B2C3D4-E5F6-4A5B-8C9D-0E1F2A3B4C5D}"
EndProject
Global
	GlobalSection(SolutionConfigurationPlatforms) = preSolution
		Debug|Any CPU = Debug|Any CPU
		Release|Any CPU = Release|Any CPU
	EndGlobalSection
	GlobalSection(ProjectConfigurationPlatforms) = postSolution
		{91CF8D05-BC76-41BE-B633-3E5DA123298A}.Debug|Any CPU.ActiveCfg = Debug|Any CPU
		{91CF8D05-BC76-41BE-B633-3E5DA123298A}.Debug|Any CPU.Build.0 = Debug|Any CPU
		{91CF8D05-BC76-41BE-B633-3E5DA123298A}.Release|Any CPU.ActiveCfg = Release|Any CPU
		{91CF8D05-BC76-41BE-B633-3E5DA123298A}.Release|Any CPU.Build.0 = Release|Any CPU
		{A1B2C3D4-E5F6-4A5B-8C9D-0E1F2A3B4C5D}.Debug|Any CPU.ActiveCfg = Debug|Any CPU
		{A1B2C3D4-E5F6-4A5B-8C9D-0E1F2A3B4C5D}.Debug|Any CPU.Build.0 = Debug|Any CPU
		{A1B2C3D4-E5F6-4A5B-8C9D-0E1F2A3B4C5D}.Release|Any CPU.ActiveCfg = Release|Any CPU
		{A1B2C3D4-E5F6-4A5B-8C9D-0E1F2A3B4C5D}.Release|Any CPU.Build.0 = Release|Any CPU
	EndGlobalSection
	GlobalSection(SolutionProperties) = preSolution
		HideSolutionNode = FALSE
	EndGlobalSection
	GlobalSection(ExtensibilityGlobals) = postSolution
		SolutionGuid = {F01AB3CA-67A9-4193-8297-55119A799CD2}
	EndGlobalSection
EndGlobal
